
Microsoft Visual Studio Solution File, Format Version 12.00
# Visual Studio Version 16
VisualStudioVersion = 16.0.29324.140
MinimumVisualStudioVersion = 10.0.40219.1
Project("{FAE04EC0-301F-11D3-BF4B-00C04F79EFBC}") = "simulation", "simulation\simulation.csproj", "{B8E35005-A842-4DB0-B220-A78E443A1E81}"
EndProject
Global
	GlobalSection(SolutionConfigurationPlatforms) = preSolution
		Debug|Any CPU = Debug|Any CPU
		Release|Any CPU = Release|Any CPU
	EndGlobalSection
	GlobalSection(ProjectConfigurationPlatforms) = postSolution
		{B8E35005-A842-4DB0-B220-A78E443A1E81}.Debug|Any CPU.ActiveCfg = Debug|Any CPU
		{B8E35005-A842-4DB0-B220-A78E443A1E81}.Debug|Any CPU.Build.0 = Debug|Any CPU
		{B8E35005-A842-4DB0-B220-A78E443A1E81}.Release|Any CPU.ActiveCfg = Release|Any CPU
		{B8E35005-A842-4DB0-B220-A78E443A1E81}.Release|Any CPU.Build.0 = Release|Any CPU
	EndGlobalSection
	GlobalSection(SolutionProperties) = preSolution
		HideSolutionNode = FALSE
	EndGlobalSection
	GlobalSection(ExtensibilityGlobals) = postSolution
		SolutionGuid = {DC7932F3-A7C9-4E5F-A595-3349A4FA30A3}
	EndGlobalSection
EndGlobal
