
Microsoft Visual Studio Solution File, Format Version 12.00
# Visual Studio Version 16
VisualStudioVersion = 16.0.29324.140
MinimumVisualStudioVersion = 10.0.40219.1
Project("{FAE04EC0-301F-11D3-BF4B-00C04F79EFBC}") = "MNBarfolyam", "MNBarfolyam\MNBarfolyam.csproj", "{886B8701-A4C9-40D4-8040-D9F7A52CFE65}"
EndProject
Global
	GlobalSection(SolutionConfigurationPlatforms) = preSolution
		Debug|Any CPU = Debug|Any CPU
		Release|Any CPU = Release|Any CPU
	EndGlobalSection
	GlobalSection(ProjectConfigurationPlatforms) = postSolution
		{886B8701-A4C9-40D4-8040-D9F7A52CFE65}.Debug|Any CPU.ActiveCfg = Debug|Any CPU
		{886B8701-A4C9-40D4-8040-D9F7A52CFE65}.Debug|Any CPU.Build.0 = Debug|Any CPU
		{886B8701-A4C9-40D4-8040-D9F7A52CFE65}.Release|Any CPU.ActiveCfg = Release|Any CPU
		{886B8701-A4C9-40D4-8040-D9F7A52CFE65}.Release|Any CPU.Build.0 = Release|Any CPU
	EndGlobalSection
	GlobalSection(SolutionProperties) = preSolution
		HideSolutionNode = FALSE
	EndGlobalSection
	GlobalSection(ExtensibilityGlobals) = postSolution
		SolutionGuid = {CB428EFB-83B4-406C-9BA1-6953B76965A5}
	EndGlobalSection
EndGlobal
